# This file is automatically @generated by Cargo.
# It is not intended for manual editing.
version = 3

[[package]]
name = "bubble-config"
version = "0.1.0"

[[package]]
name = "bubble-controller"
version = "0.1.0"

[[package]]
name = "bubble-examples"
version = "0.1.0"

[[package]]
name = "bubble-test"
version = "0.1.0"
